
Microsoft Visual Studio Solution File, Format Version 12.00
# Visual Studio Version 17
VisualStudioVersion = 17.5.33516.290
MinimumVisualStudioVersion = 10.0.40219.1
Project("{C9674DCB-5085-4A16-B785-4C70DD1589BD}") = "MicroSampel", "MicroSampel.dtproj", "{9A1BC044-9F03-4AC3-AD80-918E7BDCD957}"
EndProject
Global
	GlobalSection(SolutionConfigurationPlatforms) = preSolution
		Development|Default = Development|Default
	EndGlobalSection
	GlobalSection(ProjectConfigurationPlatforms) = postSolution
		{9A1BC044-9F03-4AC3-AD80-918E7BDCD957}.Development|Default.ActiveCfg = Development
		{9A1BC044-9F03-4AC3-AD80-918E7BDCD957}.Development|Default.Build.0 = Development
	EndGlobalSection
	GlobalSection(SolutionProperties) = preSolution
		HideSolutionNode = FALSE
	EndGlobalSection
	GlobalSection(ExtensibilityGlobals) = postSolution
		SolutionGuid = {3C5E3E8C-9861-45DC-AA7B-30A4C5B8B8FD}
	EndGlobalSection
EndGlobal
